
Microsoft Visual Studio Solution File, Format Version 12.00
# Visual Studio Version 16
VisualStudioVersion = 16.0.30523.141
MinimumVisualStudioVersion = 10.0.40219.1
Project("{FAE04EC0-301F-11D3-BF4B-00C04F79EFBC}") = "ThinkProWebsite", "ThinkProWebsite\ThinkProWebsite.csproj", "{42EC803E-505A-495A-8092-FB64DAF35373}"
EndProject
Project("{2150E333-8FDC-42A3-9474-1A3956D46DE8}") = ".nuget", ".nuget", "{F08D29D9-C514-4045-9A63-913BA075A157}"
	ProjectSection(SolutionItems) = preProject
		.nuget\NuGet.Config = .nuget\NuGet.Config
		.nuget\NuGet.exe = .nuget\NuGet.exe
		.nuget\NuGet.pdb = .nuget\NuGet.pdb
		.nuget\NuGet.targets = .nuget\NuGet.targets
	EndProjectSection
EndProject
Project("{FAE04EC0-301F-11D3-BF4B-00C04F79EFBC}") = "THINKPROResource", "THINKPROResource\THINKPROResource.csproj", "{5223FCD9-A22A-4A1B-8334-0D0C872577D3}"
EndProject
Global
	GlobalSection(SolutionConfigurationPlatforms) = preSolution
		Debug|Any CPU = Debug|Any CPU
		Release|Any CPU = Release|Any CPU
	EndGlobalSection
	GlobalSection(ProjectConfigurationPlatforms) = postSolution
		{42EC803E-505A-495A-8092-FB64DAF35373}.Debug|Any CPU.ActiveCfg = Debug|Any CPU
		{42EC803E-505A-495A-8092-FB64DAF35373}.Debug|Any CPU.Build.0 = Debug|Any CPU
		{42EC803E-505A-495A-8092-FB64DAF35373}.Release|Any CPU.ActiveCfg = Release|Any CPU
		{42EC803E-505A-495A-8092-FB64DAF35373}.Release|Any CPU.Build.0 = Release|Any CPU
		{5223FCD9-A22A-4A1B-8334-0D0C872577D3}.Debug|Any CPU.ActiveCfg = Debug|Any CPU
		{5223FCD9-A22A-4A1B-8334-0D0C872577D3}.Debug|Any CPU.Build.0 = Debug|Any CPU
		{5223FCD9-A22A-4A1B-8334-0D0C872577D3}.Release|Any CPU.ActiveCfg = Release|Any CPU
		{5223FCD9-A22A-4A1B-8334-0D0C872577D3}.Release|Any CPU.Build.0 = Release|Any CPU
	EndGlobalSection
	GlobalSection(SolutionProperties) = preSolution
		HideSolutionNode = FALSE
	EndGlobalSection
	GlobalSection(ExtensibilityGlobals) = postSolution
		SolutionGuid = {7FE3E039-A753-437E-8BA6-9D09B46F61AF}
	EndGlobalSection
EndGlobal
